
Microsoft Visual Studio Solution File, Format Version 12.00
# Visual Studio Version 17
VisualStudioVersion = 17.0.31912.275
MinimumVisualStudioVersion = 10.0.40219.1
Project("{9A19103F-16F7-4668-BE54-9A1E7A4F7556}") = "AoCUtils", "AoCUtils\AoCUtils.csproj", "{D7A2172E-2B11-47D2-A7CD-5284921FE2F4}"
EndProject
Project("{9A19103F-16F7-4668-BE54-9A1E7A4F7556}") = "Day00", "Day00\Day00.csproj", "{EE479360-D3E2-487E-9885-6233AE9DA1A2}"
EndProject
Project("{9A19103F-16F7-4668-BE54-9A1E7A4F7556}") = "Day01", "Day01\Day01.csproj", "{82E40157-98D5-477B-867D-7EB02B824C92}"
EndProject
Project("{9A19103F-16F7-4668-BE54-9A1E7A4F7556}") = "Day02", "Day02\Day02.csproj", "{78DFAE8B-BA9B-4665-8612-AF437EA134FA}"
EndProject
Project("{9A19103F-16F7-4668-BE54-9A1E7A4F7556}") = "Day03", "Day03\Day03.csproj", "{EF8A58CD-BB54-4483-999E-A97AA8CBC997}"
EndProject
Project("{9A19103F-16F7-4668-BE54-9A1E7A4F7556}") = "Day04", "Day04\Day04.csproj", "{23DBACC5-5E8F-4C8E-84B5-1EB581633EDC}"
EndProject
Global
	GlobalSection(SolutionConfigurationPlatforms) = preSolution
		Debug|Any CPU = Debug|Any CPU
		Release|Any CPU = Release|Any CPU
	EndGlobalSection
	GlobalSection(ProjectConfigurationPlatforms) = postSolution
		{D7A2172E-2B11-47D2-A7CD-5284921FE2F4}.Debug|Any CPU.ActiveCfg = Debug|Any CPU
		{D7A2172E-2B11-47D2-A7CD-5284921FE2F4}.Debug|Any CPU.Build.0 = Debug|Any CPU
		{D7A2172E-2B11-47D2-A7CD-5284921FE2F4}.Release|Any CPU.ActiveCfg = Release|Any CPU
		{D7A2172E-2B11-47D2-A7CD-5284921FE2F4}.Release|Any CPU.Build.0 = Release|Any CPU
		{EE479360-D3E2-487E-9885-6233AE9DA1A2}.Debug|Any CPU.ActiveCfg = Debug|Any CPU
		{EE479360-D3E2-487E-9885-6233AE9DA1A2}.Debug|Any CPU.Build.0 = Debug|Any CPU
		{EE479360-D3E2-487E-9885-6233AE9DA1A2}.Release|Any CPU.ActiveCfg = Release|Any CPU
		{EE479360-D3E2-487E-9885-6233AE9DA1A2}.Release|Any CPU.Build.0 = Release|Any CPU
		{82E40157-98D5-477B-867D-7EB02B824C92}.Debug|Any CPU.ActiveCfg = Debug|Any CPU
		{82E40157-98D5-477B-867D-7EB02B824C92}.Debug|Any CPU.Build.0 = Debug|Any CPU
		{82E40157-98D5-477B-867D-7EB02B824C92}.Release|Any CPU.ActiveCfg = Release|Any CPU
		{82E40157-98D5-477B-867D-7EB02B824C92}.Release|Any CPU.Build.0 = Release|Any CPU
		{78DFAE8B-BA9B-4665-8612-AF437EA134FA}.Debug|Any CPU.ActiveCfg = Debug|Any CPU
		{78DFAE8B-BA9B-4665-8612-AF437EA134FA}.Debug|Any CPU.Build.0 = Debug|Any CPU
		{78DFAE8B-BA9B-4665-8612-AF437EA134FA}.Release|Any CPU.ActiveCfg = Release|Any CPU
		{78DFAE8B-BA9B-4665-8612-AF437EA134FA}.Release|Any CPU.Build.0 = Release|Any CPU
		{EF8A58CD-BB54-4483-999E-A97AA8CBC997}.Debug|Any CPU.ActiveCfg = Debug|Any CPU
		{EF8A58CD-BB54-4483-999E-A97AA8CBC997}.Debug|Any CPU.Build.0 = Debug|Any CPU
		{EF8A58CD-BB54-4483-999E-A97AA8CBC997}.Release|Any CPU.ActiveCfg = Release|Any CPU
		{EF8A58CD-BB54-4483-999E-A97AA8CBC997}.Release|Any CPU.Build.0 = Release|Any CPU
		{23DBACC5-5E8F-4C8E-84B5-1EB581633EDC}.Debug|Any CPU.ActiveCfg = Debug|Any CPU
		{23DBACC5-5E8F-4C8E-84B5-1EB581633EDC}.Debug|Any CPU.Build.0 = Debug|Any CPU
		{23DBACC5-5E8F-4C8E-84B5-1EB581633EDC}.Release|Any CPU.ActiveCfg = Release|Any CPU
		{23DBACC5-5E8F-4C8E-84B5-1EB581633EDC}.Release|Any CPU.Build.0 = Release|Any CPU
	EndGlobalSection
	GlobalSection(SolutionProperties) = preSolution
		HideSolutionNode = FALSE
	EndGlobalSection
	GlobalSection(ExtensibilityGlobals) = postSolution
		SolutionGuid = {7A1893FC-BDB9-4864-B478-F3A213B8A892}
	EndGlobalSection
EndGlobal
