
Microsoft Visual Studio Solution File, Format Version 12.00
# Visual Studio Version 17
VisualStudioVersion = 17.0.31912.275
MinimumVisualStudioVersion = 10.0.40219.1
Project("{9A19103F-16F7-4668-BE54-9A1E7A4F7556}") = "AoCUtils", "AoCUtils\AoCUtils.csproj", "{D7A2172E-2B11-47D2-A7CD-5284921FE2F4}"
EndProject
Project("{9A19103F-16F7-4668-BE54-9A1E7A4F7556}") = "Day00", "Day00\Day00.csproj", "{EE479360-D3E2-487E-9885-6233AE9DA1A2}"
EndProject
Project("{9A19103F-16F7-4668-BE54-9A1E7A4F7556}") = "Day01", "Day01\Day01.csproj", "{82E40157-98D5-477B-867D-7EB02B824C92}"
EndProject
Project("{9A19103F-16F7-4668-BE54-9A1E7A4F7556}") = "Day02", "Day02\Day02.csproj", "{78DFAE8B-BA9B-4665-8612-AF437EA134FA}"
EndProject
Project("{9A19103F-16F7-4668-BE54-9A1E7A4F7556}") = "Day03", "Day03\Day03.csproj", "{EF8A58CD-BB54-4483-999E-A97AA8CBC997}"
EndProject
Project("{9A19103F-16F7-4668-BE54-9A1E7A4F7556}") = "Day04", "Day04\Day04.csproj", "{23DBACC5-5E8F-4C8E-84B5-1EB581633EDC}"
EndProject
Project("{9A19103F-16F7-4668-BE54-9A1E7A4F7556}") = "Day05", "Day05\Day05.csproj", "{1F8BA88E-BBAA-47F5-9BE4-FF59FBF8738A}"
EndProject
Project("{9A19103F-16F7-4668-BE54-9A1E7A4F7556}") = "Day06", "Day06\Day06.csproj", "{9F140495-1B59-4E3C-A8DF-6511018D14E5}"
EndProject
Project("{9A19103F-16F7-4668-BE54-9A1E7A4F7556}") = "Day07", "Day07\Day07.csproj", "{234262C9-4857-4FD6-A04C-86A749FB3E8F}"
EndProject
Project("{9A19103F-16F7-4668-BE54-9A1E7A4F7556}") = "Day08", "Day08\Day08.csproj", "{337E79F5-5232-4B5D-877A-86F84BD6BFED}"
EndProject
Project("{9A19103F-16F7-4668-BE54-9A1E7A4F7556}") = "Day09", "Day09\Day09.csproj", "{079D9591-9F1D-4BC4-BB3B-D5B52083CF14}"
EndProject
Project("{9A19103F-16F7-4668-BE54-9A1E7A4F7556}") = "Day10", "Day10\Day10.csproj", "{B0ED49BC-DC27-40C3-AF8D-7FA47FCD253A}"
EndProject
Project("{9A19103F-16F7-4668-BE54-9A1E7A4F7556}") = "Day11", "Day11\Day11.csproj", "{29035F6A-1C55-4521-BA07-DBDF977A20CB}"
EndProject
Project("{9A19103F-16F7-4668-BE54-9A1E7A4F7556}") = "Day13", "Day13\Day13.csproj", "{4648D6B4-F598-46A1-9C75-05205A5B2D1F}"
EndProject
Project("{9A19103F-16F7-4668-BE54-9A1E7A4F7556}") = "Day12", "Day12\Day12.csproj", "{3954FC6B-9BCF-4D33-A82F-E74FB081C3A4}"
EndProject
Project("{9A19103F-16F7-4668-BE54-9A1E7A4F7556}") = "Day14", "Day14\Day14.csproj", "{BA614E92-B7C4-47CA-8E74-4CEC4252F8ED}"
EndProject
Project("{9A19103F-16F7-4668-BE54-9A1E7A4F7556}") = "Day15", "Day15\Day15.csproj", "{97105718-32DA-48BC-A6C3-709B5F7FBC93}"
EndProject
Project("{9A19103F-16F7-4668-BE54-9A1E7A4F7556}") = "Day16", "Day16\Day16.csproj", "{EB3EFD74-22A4-45A2-B8A2-6DBB479B709D}"
EndProject
Project("{9A19103F-16F7-4668-BE54-9A1E7A4F7556}") = "Day21", "Day21\Day21.csproj", "{13834829-6D18-45E1-AC45-E947FA59D7E6}"
EndProject
Project("{9A19103F-16F7-4668-BE54-9A1E7A4F7556}") = "Day25", "Day25\Day25.csproj", "{517DCD43-926C-485E-B5E5-701FB4EDAB44}"
EndProject
Global
	GlobalSection(SolutionConfigurationPlatforms) = preSolution
		Debug|Any CPU = Debug|Any CPU
		Release|Any CPU = Release|Any CPU
	EndGlobalSection
	GlobalSection(ProjectConfigurationPlatforms) = postSolution
		{D7A2172E-2B11-47D2-A7CD-5284921FE2F4}.Debug|Any CPU.ActiveCfg = Debug|Any CPU
		{D7A2172E-2B11-47D2-A7CD-5284921FE2F4}.Debug|Any CPU.Build.0 = Debug|Any CPU
		{D7A2172E-2B11-47D2-A7CD-5284921FE2F4}.Release|Any CPU.ActiveCfg = Release|Any CPU
		{D7A2172E-2B11-47D2-A7CD-5284921FE2F4}.Release|Any CPU.Build.0 = Release|Any CPU
		{EE479360-D3E2-487E-9885-6233AE9DA1A2}.Debug|Any CPU.ActiveCfg = Debug|Any CPU
		{EE479360-D3E2-487E-9885-6233AE9DA1A2}.Debug|Any CPU.Build.0 = Debug|Any CPU
		{EE479360-D3E2-487E-9885-6233AE9DA1A2}.Release|Any CPU.ActiveCfg = Release|Any CPU
		{EE479360-D3E2-487E-9885-6233AE9DA1A2}.Release|Any CPU.Build.0 = Release|Any CPU
		{82E40157-98D5-477B-867D-7EB02B824C92}.Debug|Any CPU.ActiveCfg = Debug|Any CPU
		{82E40157-98D5-477B-867D-7EB02B824C92}.Debug|Any CPU.Build.0 = Debug|Any CPU
		{82E40157-98D5-477B-867D-7EB02B824C92}.Release|Any CPU.ActiveCfg = Release|Any CPU
		{82E40157-98D5-477B-867D-7EB02B824C92}.Release|Any CPU.Build.0 = Release|Any CPU
		{78DFAE8B-BA9B-4665-8612-AF437EA134FA}.Debug|Any CPU.ActiveCfg = Debug|Any CPU
		{78DFAE8B-BA9B-4665-8612-AF437EA134FA}.Debug|Any CPU.Build.0 = Debug|Any CPU
		{78DFAE8B-BA9B-4665-8612-AF437EA134FA}.Release|Any CPU.ActiveCfg = Release|Any CPU
		{78DFAE8B-BA9B-4665-8612-AF437EA134FA}.Release|Any CPU.Build.0 = Release|Any CPU
		{EF8A58CD-BB54-4483-999E-A97AA8CBC997}.Debug|Any CPU.ActiveCfg = Debug|Any CPU
		{EF8A58CD-BB54-4483-999E-A97AA8CBC997}.Debug|Any CPU.Build.0 = Debug|Any CPU
		{EF8A58CD-BB54-4483-999E-A97AA8CBC997}.Release|Any CPU.ActiveCfg = Release|Any CPU
		{EF8A58CD-BB54-4483-999E-A97AA8CBC997}.Release|Any CPU.Build.0 = Release|Any CPU
		{23DBACC5-5E8F-4C8E-84B5-1EB581633EDC}.Debug|Any CPU.ActiveCfg = Debug|Any CPU
		{23DBACC5-5E8F-4C8E-84B5-1EB581633EDC}.Debug|Any CPU.Build.0 = Debug|Any CPU
		{23DBACC5-5E8F-4C8E-84B5-1EB581633EDC}.Release|Any CPU.ActiveCfg = Release|Any CPU
		{23DBACC5-5E8F-4C8E-84B5-1EB581633EDC}.Release|Any CPU.Build.0 = Release|Any CPU
		{1F8BA88E-BBAA-47F5-9BE4-FF59FBF8738A}.Debug|Any CPU.ActiveCfg = Debug|Any CPU
		{1F8BA88E-BBAA-47F5-9BE4-FF59FBF8738A}.Debug|Any CPU.Build.0 = Debug|Any CPU
		{1F8BA88E-BBAA-47F5-9BE4-FF59FBF8738A}.Release|Any CPU.ActiveCfg = Release|Any CPU
		{1F8BA88E-BBAA-47F5-9BE4-FF59FBF8738A}.Release|Any CPU.Build.0 = Release|Any CPU
		{9F140495-1B59-4E3C-A8DF-6511018D14E5}.Debug|Any CPU.ActiveCfg = Debug|Any CPU
		{9F140495-1B59-4E3C-A8DF-6511018D14E5}.Debug|Any CPU.Build.0 = Debug|Any CPU
		{9F140495-1B59-4E3C-A8DF-6511018D14E5}.Release|Any CPU.ActiveCfg = Release|Any CPU
		{9F140495-1B59-4E3C-A8DF-6511018D14E5}.Release|Any CPU.Build.0 = Release|Any CPU
		{234262C9-4857-4FD6-A04C-86A749FB3E8F}.Debug|Any CPU.ActiveCfg = Debug|Any CPU
		{234262C9-4857-4FD6-A04C-86A749FB3E8F}.Debug|Any CPU.Build.0 = Debug|Any CPU
		{234262C9-4857-4FD6-A04C-86A749FB3E8F}.Release|Any CPU.ActiveCfg = Release|Any CPU
		{234262C9-4857-4FD6-A04C-86A749FB3E8F}.Release|Any CPU.Build.0 = Release|Any CPU
		{337E79F5-5232-4B5D-877A-86F84BD6BFED}.Debug|Any CPU.ActiveCfg = Debug|Any CPU
		{337E79F5-5232-4B5D-877A-86F84BD6BFED}.Debug|Any CPU.Build.0 = Debug|Any CPU
		{337E79F5-5232-4B5D-877A-86F84BD6BFED}.Release|Any CPU.ActiveCfg = Release|Any CPU
		{337E79F5-5232-4B5D-877A-86F84BD6BFED}.Release|Any CPU.Build.0 = Release|Any CPU
		{079D9591-9F1D-4BC4-BB3B-D5B52083CF14}.Debug|Any CPU.ActiveCfg = Debug|Any CPU
		{079D9591-9F1D-4BC4-BB3B-D5B52083CF14}.Debug|Any CPU.Build.0 = Debug|Any CPU
		{079D9591-9F1D-4BC4-BB3B-D5B52083CF14}.Release|Any CPU.ActiveCfg = Release|Any CPU
		{079D9591-9F1D-4BC4-BB3B-D5B52083CF14}.Release|Any CPU.Build.0 = Release|Any CPU
		{B0ED49BC-DC27-40C3-AF8D-7FA47FCD253A}.Debug|Any CPU.ActiveCfg = Debug|Any CPU
		{B0ED49BC-DC27-40C3-AF8D-7FA47FCD253A}.Debug|Any CPU.Build.0 = Debug|Any CPU
		{B0ED49BC-DC27-40C3-AF8D-7FA47FCD253A}.Release|Any CPU.ActiveCfg = Release|Any CPU
		{B0ED49BC-DC27-40C3-AF8D-7FA47FCD253A}.Release|Any CPU.Build.0 = Release|Any CPU
		{29035F6A-1C55-4521-BA07-DBDF977A20CB}.Debug|Any CPU.ActiveCfg = Debug|Any CPU
		{29035F6A-1C55-4521-BA07-DBDF977A20CB}.Debug|Any CPU.Build.0 = Debug|Any CPU
		{29035F6A-1C55-4521-BA07-DBDF977A20CB}.Release|Any CPU.ActiveCfg = Release|Any CPU
		{29035F6A-1C55-4521-BA07-DBDF977A20CB}.Release|Any CPU.Build.0 = Release|Any CPU
		{4648D6B4-F598-46A1-9C75-05205A5B2D1F}.Debug|Any CPU.ActiveCfg = Debug|Any CPU
		{4648D6B4-F598-46A1-9C75-05205A5B2D1F}.Debug|Any CPU.Build.0 = Debug|Any CPU
		{4648D6B4-F598-46A1-9C75-05205A5B2D1F}.Release|Any CPU.ActiveCfg = Release|Any CPU
		{4648D6B4-F598-46A1-9C75-05205A5B2D1F}.Release|Any CPU.Build.0 = Release|Any CPU
		{3954FC6B-9BCF-4D33-A82F-E74FB081C3A4}.Debug|Any CPU.ActiveCfg = Debug|Any CPU
		{3954FC6B-9BCF-4D33-A82F-E74FB081C3A4}.Debug|Any CPU.Build.0 = Debug|Any CPU
		{3954FC6B-9BCF-4D33-A82F-E74FB081C3A4}.Release|Any CPU.ActiveCfg = Release|Any CPU
		{3954FC6B-9BCF-4D33-A82F-E74FB081C3A4}.Release|Any CPU.Build.0 = Release|Any CPU
		{BA614E92-B7C4-47CA-8E74-4CEC4252F8ED}.Debug|Any CPU.ActiveCfg = Debug|Any CPU
		{BA614E92-B7C4-47CA-8E74-4CEC4252F8ED}.Debug|Any CPU.Build.0 = Debug|Any CPU
		{BA614E92-B7C4-47CA-8E74-4CEC4252F8ED}.Release|Any CPU.ActiveCfg = Release|Any CPU
		{BA614E92-B7C4-47CA-8E74-4CEC4252F8ED}.Release|Any CPU.Build.0 = Release|Any CPU
		{97105718-32DA-48BC-A6C3-709B5F7FBC93}.Debug|Any CPU.ActiveCfg = Debug|Any CPU
		{97105718-32DA-48BC-A6C3-709B5F7FBC93}.Debug|Any CPU.Build.0 = Debug|Any CPU
		{97105718-32DA-48BC-A6C3-709B5F7FBC93}.Release|Any CPU.ActiveCfg = Release|Any CPU
		{97105718-32DA-48BC-A6C3-709B5F7FBC93}.Release|Any CPU.Build.0 = Release|Any CPU
		{EB3EFD74-22A4-45A2-B8A2-6DBB479B709D}.Debug|Any CPU.ActiveCfg = Debug|Any CPU
		{EB3EFD74-22A4-45A2-B8A2-6DBB479B709D}.Debug|Any CPU.Build.0 = Debug|Any CPU
		{EB3EFD74-22A4-45A2-B8A2-6DBB479B709D}.Release|Any CPU.ActiveCfg = Release|Any CPU
		{EB3EFD74-22A4-45A2-B8A2-6DBB479B709D}.Release|Any CPU.Build.0 = Release|Any CPU
		{13834829-6D18-45E1-AC45-E947FA59D7E6}.Debug|Any CPU.ActiveCfg = Debug|Any CPU
		{13834829-6D18-45E1-AC45-E947FA59D7E6}.Debug|Any CPU.Build.0 = Debug|Any CPU
		{13834829-6D18-45E1-AC45-E947FA59D7E6}.Release|Any CPU.ActiveCfg = Release|Any CPU
		{13834829-6D18-45E1-AC45-E947FA59D7E6}.Release|Any CPU.Build.0 = Release|Any CPU
		{517DCD43-926C-485E-B5E5-701FB4EDAB44}.Debug|Any CPU.ActiveCfg = Debug|Any CPU
		{517DCD43-926C-485E-B5E5-701FB4EDAB44}.Debug|Any CPU.Build.0 = Debug|Any CPU
		{517DCD43-926C-485E-B5E5-701FB4EDAB44}.Release|Any CPU.ActiveCfg = Release|Any CPU
		{517DCD43-926C-485E-B5E5-701FB4EDAB44}.Release|Any CPU.Build.0 = Release|Any CPU
	EndGlobalSection
	GlobalSection(SolutionProperties) = preSolution
		HideSolutionNode = FALSE
	EndGlobalSection
	GlobalSection(ExtensibilityGlobals) = postSolution
		SolutionGuid = {7A1893FC-BDB9-4864-B478-F3A213B8A892}
	EndGlobalSection
EndGlobal
